// !$*UTF8*$!
{
	archiveVersion = 1;
	classes = {
	};
	objectVersion = 50;
	objects = {

/* Begin PBXBuildFile section */
		FA86D785223792A600FC9E84 /* AppDelegate.swift in Sources */ = {isa = PBXBuildFile; fileRef = FA86D784223792A600FC9E84 /* AppDelegate.swift */; };
		FA86D787223792A600FC9E84 /* ViewController.swift in Sources */ = {isa = PBXBuildFile; fileRef = FA86D786223792A600FC9E84 /* ViewController.swift */; };
		FA86D78A223792A600FC9E84 /* Main.storyboard in Resources */ = {isa = PBXBuildFile; fileRef = FA86D788223792A600FC9E84 /* Main.storyboard */; };
		FA86D78C223792A700FC9E84 /* Assets.xcassets in Resources */ = {isa = PBXBuildFile; fileRef = FA86D78B223792A700FC9E84 /* Assets.xcassets */; };
		FA86D78F223792A700FC9E84 /* LaunchScreen.storyboard in Resources */ = {isa = PBXBuildFile; fileRef = FA86D78D223792A700FC9E84 /* LaunchScreen.storyboard */; };
		FA86D797223792E100FC9E84 /* Person.swift in Sources */ = {isa = PBXBuildFile; fileRef = FA86D796223792E100FC9E84 /* Person.swift */; };
		FA86D7992237937400FC9E84 /* HouseViewController.swift in Sources */ = {isa = PBXBuildFile; fileRef = FA86D7982237937400FC9E84 /* HouseViewController.swift */; };
/* End PBXBuildFile section */

/* Begin PBXFileReference section */
		FA86D781223792A600FC9E84 /* FIT3178-Week02-Lab.app */ = {isa = PBXFileReference; explicitFileType = wrapper.application; includeInIndex = 0; path = "FIT3178-Week02-Lab.app"; sourceTree = BUILT_PRODUCTS_DIR; };
		FA86D784223792A600FC9E84 /* AppDelegate.swift */ = {isa = PBXFileReference; lastKnownFileType = sourcecode.swift; path = AppDelegate.swift; sourceTree = "<group>"; };
		FA86D786223792A600FC9E84 /* ViewController.swift */ = {isa = PBXFileReference; lastKnownFileType = sourcecode.swift; path = ViewController.swift; sourceTree = "<group>"; };
		FA86D789223792A600FC9E84 /* Base */ = {isa = PBXFileReference; lastKnownFileType = file.storyboard; name = Base; path = Base.lproj/Main.storyboard; sourceTree = "<group>"; };
		FA86D78B223792A700FC9E84 /* Assets.xcassets */ = {isa = PBXFileReference; lastKnownFileType = folder.assetcatalog; path = Assets.xcassets; sourceTree = "<group>"; };
		FA86D78E223792A700FC9E84 /* Base */ = {isa = PBXFileReference; lastKnownFileType = file.storyboard; name = Base; path = Base.lproj/LaunchScreen.storyboard; sourceTree = "<group>"; };
		FA86D790223792A700FC9E84 /* Info.plist */ = {isa = PBXFileReference; lastKnownFileType = text.plist.xml; path = Info.plist; sourceTree = "<group>"; };
		FA86D796223792E100FC9E84 /* Person.swift */ = {isa = PBXFileReference; lastKnownFileType = sourcecode.swift; path = Person.swift; sourceTree = "<group>"; };
		FA86D7982237937400FC9E84 /* HouseViewController.swift */ = {isa = PBXFileReference; lastKnownFileType = sourcecode.swift; path = HouseViewController.swift; sourceTree = "<group>"; };
		FAE3493B223907A50058BE19 /* FIT3178-Week02-Lab.entitlements */ = {isa = PBXFileReference; lastKnownFileType = text.plist.entitlements; path = "FIT3178-Week02-Lab.entitlements"; sourceTree = "<group>"; };
/* End PBXFileReference section */

/* Begin PBXFrameworksBuildPhase section */
		FA86D77E223792A600FC9E84 /* Frameworks */ = {
			isa = PBXFrameworksBuildPhase;
			buildActionMask = 2147483647;
			files = (
			);
			runOnlyForDeploymentPostprocessing = 0;
		};
/* End PBXFrameworksBuildPhase section */

/* Begin PBXGroup section */
		FA86D778223792A500FC9E84 = {
			isa = PBXGroup;
			children = (
				FA86D783223792A600FC9E84 /* FIT3178-Week02-Lab */,
				FA86D782223792A600FC9E84 /* Products */,
			);
			sourceTree = "<group>";
		};
		FA86D782223792A600FC9E84 /* Products */ = {
			isa = PBXGroup;
			children = (
				FA86D781223792A600FC9E84 /* FIT3178-Week02-Lab.app */,
			);
			name = Products;
			sourceTree = "<group>";
		};
		FA86D783223792A600FC9E84 /* FIT3178-Week02-Lab */ = {
			isa = PBXGroup;
			children = (
				FAE3493B223907A50058BE19 /* FIT3178-Week02-Lab.entitlements */,
				FA86D784223792A600FC9E84 /* AppDelegate.swift */,
				FA86D786223792A600FC9E84 /* ViewController.swift */,
				FA86D788223792A600FC9E84 /* Main.storyboard */,
				FA86D78B223792A700FC9E84 /* Assets.xcassets */,
				FA86D78D223792A700FC9E84 /* LaunchScreen.storyboard */,
				FA86D790223792A700FC9E84 /* Info.plist */,
				FA86D796223792E100FC9E84 /* Person.swift */,
				FA86D7982237937400FC9E84 /* HouseViewController.swift */,
			);
			path = "FIT3178-Week02-Lab";
			sourceTree = "<group>";
		};
/* End PBXGroup section */

/* Begin PBXNativeTarget section */
		FA86D780223792A600FC9E84 /* FIT3178-Week02-Lab */ = {
			isa = PBXNativeTarget;
			buildConfigurationList = FA86D793223792A700FC9E84 /* Build configuration list for PBXNativeTarget "FIT3178-Week02-Lab" */;
			buildPhases = (
				FA86D77D223792A600FC9E84 /* Sources */,
				FA86D77E223792A600FC9E84 /* Frameworks */,
				FA86D77F223792A600FC9E84 /* Resources */,
			);
			buildRules = (
			);
			dependencies = (
			);
			name = "FIT3178-Week02-Lab";
			productName = "FIT3178-Week02-Lab";
			productReference = FA86D781223792A600FC9E84 /* FIT3178-Week02-Lab.app */;
			productType = "com.apple.product-type.application";
		};
/* End PBXNativeTarget section */

/* Begin PBXProject section */
		FA86D779223792A500FC9E84 /* Project object */ = {
			isa = PBXProject;
			attributes = {
				LastSwiftUpdateCheck = 1010;
				LastUpgradeCheck = 1010;
				ORGANIZATIONNAME = "Chak Lee";
				TargetAttributes = {
					FA86D780223792A600FC9E84 = {
						CreatedOnToolsVersion = 10.1;
						SystemCapabilities = {
							com.apple.ApplicationGroups.iOS = {
								enabled = 0;
							};
						};
					};
				};
			};
			buildConfigurationList = FA86D77C223792A500FC9E84 /* Build configuration list for PBXProject "FIT3178-Week02-Lab" */;
			compatibilityVersion = "Xcode 9.3";
			developmentRegion = en;
			hasScannedForEncodings = 0;
			knownRegions = (
				en,
				Base,
			);
			mainGroup = FA86D778223792A500FC9E84;
			productRefGroup = FA86D782223792A600FC9E84 /* Products */;
			projectDirPath = "";
			projectRoot = "";
			targets = (
				FA86D780223792A600FC9E84 /* FIT3178-Week02-Lab */,
			);
		};
/* End PBXProject section */

/* Begin PBXResourcesBuildPhase section */
		FA86D77F223792A600FC9E84 /* Resources */ = {
			isa = PBXResourcesBuildPhase;
			buildActionMask = 2147483647;
			files = (
				FA86D78F223792A700FC9E84 /* LaunchScreen.storyboard in Resources */,
				FA86D78C223792A700FC9E84 /* Assets.xcassets in Resources */,
				FA86D78A223792A600FC9E84 /* Main.storyboard in Resources */,
			);
			runOnlyForDeploymentPostprocessing = 0;
		};
/* End PBXResourcesBuildPhase section */

/* Begin PBXSourcesBuildPhase section */
		FA86D77D223792A600FC9E84 /* Sources */ = {
			isa = PBXSourcesBuildPhase;
			buildActionMask = 2147483647;
			files = (
				FA86D797223792E100FC9E84 /* Person.swift in Sources */,
				FA86D787223792A600FC9E84 /* ViewController.swift in Sources */,
				FA86D785223792A600FC9E84 /* AppDelegate.swift in Sources */,
				FA86D7992237937400FC9E84 /* HouseViewController.swift in Sources */,
			);
			runOnlyForDeploymentPostprocessing = 0;
		};
/* End PBXSourcesBuildPhase section */

/* Begin PBXVariantGroup section */
		FA86D788223792A600FC9E84 /* Main.storyboard */ = {
			isa = PBXVariantGroup;
			children = (
				FA86D789223792A600FC9E84 /* Base */,
			);
			name = Main.storyboard;
			sourceTree = "<group>";
		};
		FA86D78D223792A700FC9E84 /* LaunchScreen.storyboard */ = {
			isa = PBXVariantGroup;
			children = (
				FA86D78E223792A700FC9E84 /* Base */,
			);
			name = LaunchScreen.storyboard;
			sourceTree = "<group>";
		};
/* End PBXVariantGroup section */

/* Begin XCBuildConfiguration section */
		FA86D791223792A700FC9E84 /* Debug */ = {
			isa = XCBuildConfiguration;
			buildSettings = {
				ALWAYS_SEARCH_USER_PATHS = NO;
				CLANG_ANALYZER_NONNULL = YES;
				CLANG_ANALYZER_NUMBER_OBJECT_CONVERSION = YES_AGGRESSIVE;
				CLANG_CXX_LANGUAGE_STANDARD = "gnu++14";
				CLANG_CXX_LIBRARY = "libc++";
				CLANG_ENABLE_MODULES = YES;
				CLANG_ENABLE_OBJC_ARC = YES;
				CLANG_ENABLE_OBJC_WEAK = YES;
				CLANG_WARN_BLOCK_CAPTURE_AUTORELEASING = YES;
				CLANG_WARN_BOOL_CONVERSION = YES;
				CLANG_WARN_COMMA = YES;
				CLANG_WARN_CONSTANT_CONVERSION = YES;
				CLANG_WARN_DEPRECATED_OBJC_IMPLEMENTATIONS = YES;
				CLANG_WARN_DIRECT_OBJC_ISA_USAGE = YES_ERROR;
				CLANG_WARN_DOCUMENTATION_COMMENTS = YES;
				CLANG_WARN_EMPTY_BODY = YES;
				CLANG_WARN_ENUM_CONVERSION = YES;
				CLANG_WARN_INFINITE_RECURSION = YES;
				CLANG_WARN_INT_CONVERSION = YES;
				CLANG_WARN_NON_LITERAL_NULL_CONVERSION = YES;
				CLANG_WARN_OBJC_IMPLICIT_RETAIN_SELF = YES;
				CLANG_WARN_OBJC_LITERAL_CONVERSION = YES;
				CLANG_WARN_OBJC_ROOT_CLASS = YES_ERROR;
				CLANG_WARN_RANGE_LOOP_ANALYSIS = YES;
				CLANG_WARN_STRICT_PROTOTYPES = YES;
				CLANG_WARN_SUSPICIOUS_MOVE = YES;
				CLANG_WARN_UNGUARDED_AVAILABILITY = YES_AGGRESSIVE;
				CLANG_WARN_UNREACHABLE_CODE = YES;
				CLANG_WARN__DUPLICATE_METHOD_MATCH = YES;
				CODE_SIGN_IDENTITY = "iPhone Developer";
				COPY_PHASE_STRIP = NO;
				DEBUG_INFORMATION_FORMAT = dwarf;
				ENABLE_STRICT_OBJC_MSGSEND = YES;
				ENABLE_TESTABILITY = YES;
				GCC_C_LANGUAGE_STANDARD = gnu11;
				GCC_DYNAMIC_NO_PIC = NO;
				GCC_NO_COMMON_BLOCKS = YES;
				GCC_OPTIMIZATION_LEVEL = 0;
				GCC_PREPROCESSOR_DEFINITIONS = (
					"DEBUG=1",
					"$(inherited)",
				);
				GCC_WARN_64_TO_32_BIT_CONVERSION = YES;
				GCC_WARN_ABOUT_RETURN_TYPE = YES_ERROR;
				GCC_WARN_UNDECLARED_SELECTOR = YES;
				GCC_WARN_UNINITIALIZED_AUTOS = YES_AGGRESSIVE;
				GCC_WARN_UNUSED_FUNCTION = YES;
				GCC_WARN_UNUSED_VARIABLE = YES;
				IPHONEOS_DEPLOYMENT_TARGET = 12.1;
				MTL_ENABLE_DEBUG_INFO = INCLUDE_SOURCE;
				MTL_FAST_MATH = YES;
				ONLY_ACTIVE_ARCH = YES;
				SDKROOT = iphoneos;
				SWIFT_ACTIVE_COMPILATION_CONDITIONS = DEBUG;
				SWIFT_OPTIMIZATION_LEVEL = "-Onone";
			};
			name = Debug;
		};
		FA86D792223792A700FC9E84 /* Release */ = {
			isa = XCBuildConfiguration;
			buildSettings = {
				ALWAYS_SEARCH_USER_PATHS = NO;
				CLANG_ANALYZER_NONNULL = YES;
				CLANG_ANALYZER_NUMBER_OBJECT_CONVERSION = YES_AGGRESSIVE;
				CLANG_CXX_LANGUAGE_STANDARD = "gnu++14";
				CLANG_CXX_LIBRARY = "libc++";
				CLANG_ENABLE_MODULES = YES;
				CLANG_ENABLE_OBJC_ARC = YES;
				CLANG_ENABLE_OBJC_WEAK = YES;
				CLANG_WARN_BLOCK_CAPTURE_AUTORELEASING = YES;
				CLANG_WARN_BOOL_CONVERSION = YES;
				CLANG_WARN_COMMA = YES;
				CLANG_WARN_CONSTANT_CONVERSION = YES;
				CLANG_WARN_DEPRECATED_OBJC_IMPLEMENTATIONS = YES;
				CLANG_WARN_DIRECT_OBJC_ISA_USAGE = YES_ERROR;
				CLANG_WARN_DOCUMENTATION_COMMENTS = YES;
				CLANG_WARN_EMPTY_BODY = YES;
				CLANG_WARN_ENUM_CONVERSION = YES;
				CLANG_WARN_INFINITE_RECURSION = YES;
				CLANG_WARN_INT_CONVERSION = YES;
				CLANG_WARN_NON_LITERAL_NULL_CONVERSION = YES;
				CLANG_WARN_OBJC_IMPLICIT_RETAIN_SELF = YES;
				CLANG_WARN_OBJC_LITERAL_CONVERSION = YES;
				CLANG_WARN_OBJC_ROOT_CLASS = YES_ERROR;
				CLANG_WARN_RANGE_LOOP_ANALYSIS = YES;
				CLANG_WARN_STRICT_PROTOTYPES = YES;
				CLANG_WARN_SUSPICIOUS_MOVE = YES;
				CLANG_WARN_UNGUARDED_AVAILABILITY = YES_AGGRESSIVE;
				CLANG_WARN_UNREACHABLE_CODE = YES;
				CLANG_WARN__DUPLICATE_METHOD_MATCH = YES;
				CODE_SIGN_IDENTITY = "iPhone Developer";
				COPY_PHASE_STRIP = NO;
				DEBUG_INFORMATION_FORMAT = "dwarf-with-dsym";
				ENABLE_NS_ASSERTIONS = NO;
				ENABLE_STRICT_OBJC_MSGSEND = YES;
				GCC_C_LANGUAGE_STANDARD = gnu11;
				GCC_NO_COMMON_BLOCKS = YES;
				GCC_WARN_64_TO_32_BIT_CONVERSION = YES;
				GCC_WARN_ABOUT_RETURN_TYPE = YES_ERROR;
				GCC_WARN_UNDECLARED_SELECTOR = YES;
				GCC_WARN_UNINITIALIZED_AUTOS = YES_AGGRESSIVE;
				GCC_WARN_UNUSED_FUNCTION = YES;
				GCC_WARN_UNUSED_VARIABLE = YES;
				IPHONEOS_DEPLOYMENT_TARGET = 12.1;
				MTL_ENABLE_DEBUG_INFO = NO;
				MTL_FAST_MATH = YES;
				SDKROOT = iphoneos;
				SWIFT_COMPILATION_MODE = wholemodule;
				SWIFT_OPTIMIZATION_LEVEL = "-O";
				VALIDATE_PRODUCT = YES;
			};
			name = Release;
		};
		FA86D794223792A700FC9E84 /* Debug */ = {
			isa = XCBuildConfiguration;
			buildSettings = {
				ASSETCATALOG_COMPILER_APPICON_NAME = AppIcon;
				CODE_SIGN_IDENTITY = "iPhone Developer";
				CODE_SIGN_STYLE = Automatic;
				DEVELOPMENT_TEAM = "";
				INFOPLIST_FILE = "FIT3178-Week02-Lab/Info.plist";
				IPHONEOS_DEPLOYMENT_TARGET = 12.1;
				LD_RUNPATH_SEARCH_PATHS = (
					"$(inherited)",
					"@executable_path/Frameworks",
				);
				PRODUCT_BUNDLE_IDENTIFIER = "com.chaklee.FIT3178-Week02-Lab";
				PRODUCT_NAME = "$(TARGET_NAME)";
				PROVISIONING_PROFILE_SPECIFIER = "";
				SWIFT_VERSION = 4.2;
				TARGETED_DEVICE_FAMILY = "1,2";
			};
			name = Debug;
		};
		FA86D795223792A700FC9E84 /* Release */ = {
			isa = XCBuildConfiguration;
			buildSettings = {
				ASSETCATALOG_COMPILER_APPICON_NAME = AppIcon;
				CODE_SIGN_IDENTITY = "iPhone Developer";
				CODE_SIGN_STYLE = Automatic;
				DEVELOPMENT_TEAM = "";
				INFOPLIST_FILE = "FIT3178-Week02-Lab/Info.plist";
				IPHONEOS_DEPLOYMENT_TARGET = 12.1;
				LD_RUNPATH_SEARCH_PATHS = (
					"$(inherited)",
					"@executable_path/Frameworks",
				);
				PRODUCT_BUNDLE_IDENTIFIER = "com.chaklee.FIT3178-Week02-Lab";
				PRODUCT_NAME = "$(TARGET_NAME)";
				PROVISIONING_PROFILE_SPECIFIER = "";
				SWIFT_VERSION = 4.2;
				TARGETED_DEVICE_FAMILY = "1,2";
			};
			name = Release;
		};
/* End XCBuildConfiguration section */

/* Begin XCConfigurationList section */
		FA86D77C223792A500FC9E84 /* Build configuration list for PBXProject "FIT3178-Week02-Lab" */ = {
			isa = XCConfigurationList;
			buildConfigurations = (
				FA86D791223792A700FC9E84 /* Debug */,
				FA86D792223792A700FC9E84 /* Release */,
			);
			defaultConfigurationIsVisible = 0;
			defaultConfigurationName = Release;
		};
		FA86D793223792A700FC9E84 /* Build configuration list for PBXNativeTarget "FIT3178-Week02-Lab" */ = {
			isa = XCConfigurationList;
			buildConfigurations = (
				FA86D794223792A700FC9E84 /* Debug */,
				FA86D795223792A700FC9E84 /* Release */,
			);
			defaultConfigurationIsVisible = 0;
			defaultConfigurationName = Release;
		};
/* End XCConfigurationList section */
	};
	rootObject = FA86D779223792A500FC9E84 /* Project object */;
}
